speakeasyVersion: 1.533.0
sources:
    sdk-node-write-OAS:
        sourceNamespace: sdk-node-write-oas
        sourceRevisionDigest: sha256:06b1b6f7e757eee8d8995529ed7c456e28797c2ce4ab2c32548281b41d2920cc
        sourceBlobDigest: sha256:0c2a1265b06a1cf9c47cc53ad70791b12ef489d7b3b3db7ee2b9b1389958dc42
        tags:
            - latest
            - 1.0.0
targets:
    sdk-node-write:
        source: sdk-node-write-OAS
        sourceNamespace: sdk-node-write-oas
        sourceRevisionDigest: sha256:06b1b6f7e757eee8d8995529ed7c456e28797c2ce4ab2c32548281b41d2920cc
        sourceBlobDigest: sha256:0c2a1265b06a1cf9c47cc53ad70791b12ef489d7b3b3db7ee2b9b1389958dc42
        codeSamplesNamespace: sdk-node-write-oas-typescript-code-samples
        codeSamplesRevisionDigest: sha256:76436fb2a93468ebfad3b42b075c0787c98c73768c8499121b24692307e7084a
workflow:
    workflowVersion: 1.0.0
    speakeasyVersion: latest
    sources:
        sdk-node-write-OAS:
            inputs:
                - location: https://raw.githubusercontent.com/amp-labs/openapi/main/api/generated/write.json
            overlays:
                - location: .speakeasy/speakeasy-modifications-overlay.yaml
            registry:
                location: registry.speakeasyapi.dev/ampersand/ts/sdk-node-write-oas
    targets:
        sdk-node-write:
            target: typescript
            source: sdk-node-write-OAS
            publish:
                npm:
                    token: $npm_token
            codeSamples:
                registry:
                    location: registry.speakeasyapi.dev/ampersand/ts/sdk-node-write-oas-typescript-code-samples
                labelOverride:
                    fixedValue: Typescript (SDK)
                blocking: false
