speakeasyVersion: 1.531.3
sources:
    sdk-node-write-OAS:
        sourceNamespace: sdk-node-write-oas
        sourceRevisionDigest: sha256:e1a9ce9066eef452982a8fb775cab823480f22ce4a8faf519646ec2a1226b2b4
        sourceBlobDigest: sha256:82a040c623afc8deef7e6a5390b0f92b9eee2e7eace2e6f99c8ab9e15b0d5338
        tags:
            - latest
            - speakeasy-sdk-regen-1744383865
            - 1.0.0
targets:
    sdk-node-write:
        source: sdk-node-write-OAS
        sourceNamespace: sdk-node-write-oas
        sourceRevisionDigest: sha256:e1a9ce9066eef452982a8fb775cab823480f22ce4a8faf519646ec2a1226b2b4
        sourceBlobDigest: sha256:82a040c623afc8deef7e6a5390b0f92b9eee2e7eace2e6f99c8ab9e15b0d5338
        codeSamplesNamespace: sdk-node-write-oas-typescript-code-samples
        codeSamplesRevisionDigest: sha256:2a5279997660462c168742a4e6630afc60f8e421462e525080ed8813087e0027
workflow:
    workflowVersion: 1.0.0
    speakeasyVersion: latest
    sources:
        sdk-node-write-OAS:
            inputs:
                - location: https://raw.githubusercontent.com/amp-labs/openapi/main/api/generated/write.json
            overlays:
                - location: .speakeasy/speakeasy-modifications-overlay.yaml
            registry:
                location: registry.speakeasyapi.dev/ampersand/ts/sdk-node-write-oas
    targets:
        sdk-node-write:
            target: typescript
            source: sdk-node-write-OAS
            publish:
                npm:
                    token: $npm_token
            codeSamples:
                registry:
                    location: registry.speakeasyapi.dev/ampersand/ts/sdk-node-write-oas-typescript-code-samples
                labelOverride:
                    fixedValue: Typescript (SDK)
                blocking: false
